
Microsoft Visual Studio Solution File, Format Version 12.00
# Visual Studio Version 17
VisualStudioVersion = 17.11.35303.130
MinimumVisualStudioVersion = 10.0.40219.1
Project("{FAE04EC0-301F-11D3-BF4B-00C04F79EFBC}") = "Yusuf Buğra U6", "Yusuf Buğra U6\Yusuf Buğra U6.csproj", "{6BFDA1C4-C30E-4559-8E6D-8667B2F28831}"
EndProject
Global
	GlobalSection(SolutionConfigurationPlatforms) = preSolution
		Debug|Any CPU = Debug|Any CPU
		Release|Any CPU = Release|Any CPU
	EndGlobalSection
	GlobalSection(ProjectConfigurationPlatforms) = postSolution
		{6BFDA1C4-C30E-4559-8E6D-8667B2F28831}.Debug|Any CPU.ActiveCfg = Debug|Any CPU
		{6BFDA1C4-C30E-4559-8E6D-8667B2F28831}.Debug|Any CPU.Build.0 = Debug|Any CPU
		{6BFDA1C4-C30E-4559-8E6D-8667B2F28831}.Release|Any CPU.ActiveCfg = Release|Any CPU
		{6BFDA1C4-C30E-4559-8E6D-8667B2F28831}.Release|Any CPU.Build.0 = Release|Any CPU
	EndGlobalSection
	GlobalSection(SolutionProperties) = preSolution
		HideSolutionNode = FALSE
	EndGlobalSection
	GlobalSection(ExtensibilityGlobals) = postSolution
		SolutionGuid = {3EBBC181-1F67-4742-A39F-0F8256A0F3DC}
	EndGlobalSection
EndGlobal
