
Microsoft Visual Studio Solution File, Format Version 12.00
# Visual Studio Version 17
VisualStudioVersion = 17.11.35303.130
MinimumVisualStudioVersion = 10.0.40219.1
Project("{FAE04EC0-301F-11D3-BF4B-00C04F79EFBC}") = "Yusuf Buğra U11", "Yusuf Buğra U11\Yusuf Buğra U11.csproj", "{3086342B-AEE8-494F-9E32-79B6DA8A9989}"
EndProject
Global
	GlobalSection(SolutionConfigurationPlatforms) = preSolution
		Debug|Any CPU = Debug|Any CPU
		Release|Any CPU = Release|Any CPU
	EndGlobalSection
	GlobalSection(ProjectConfigurationPlatforms) = postSolution
		{3086342B-AEE8-494F-9E32-79B6DA8A9989}.Debug|Any CPU.ActiveCfg = Debug|Any CPU
		{3086342B-AEE8-494F-9E32-79B6DA8A9989}.Debug|Any CPU.Build.0 = Debug|Any CPU
		{3086342B-AEE8-494F-9E32-79B6DA8A9989}.Release|Any CPU.ActiveCfg = Release|Any CPU
		{3086342B-AEE8-494F-9E32-79B6DA8A9989}.Release|Any CPU.Build.0 = Release|Any CPU
	EndGlobalSection
	GlobalSection(SolutionProperties) = preSolution
		HideSolutionNode = FALSE
	EndGlobalSection
	GlobalSection(ExtensibilityGlobals) = postSolution
		SolutionGuid = {61074958-B5B7-463F-925C-1974DEA9DEA9}
	EndGlobalSection
EndGlobal
